
Microsoft Visual Studio Solution File, Format Version 12.00
# Visual Studio Version 17
VisualStudioVersion = 17.2.32630.192
MinimumVisualStudioVersion = 10.0.40219.1
Project("{9A19103F-16F7-4668-BE54-9A1E7A4F7556}") = "R5T.Z0025.Construction", "R5T.Z0025.Construction\R5T.Z0025.Construction.csproj", "{614543A2-DBBC-4BCC-A079-AE9D1BD334BD}"
EndProject
Project("{9A19103F-16F7-4668-BE54-9A1E7A4F7556}") = "R5T.Z0025", "R5T.Z0025\R5T.Z0025.csproj", "{B793CBC7-3B0F-45FC-A466-3AD5377C0BE7}"
EndProject
Global
	GlobalSection(SolutionConfigurationPlatforms) = preSolution
		Debug|Any CPU = Debug|Any CPU
		Release|Any CPU = Release|Any CPU
	EndGlobalSection
	GlobalSection(ProjectConfigurationPlatforms) = postSolution
		{614543A2-DBBC-4BCC-A079-AE9D1BD334BD}.Debug|Any CPU.ActiveCfg = Debug|Any CPU
		{614543A2-DBBC-4BCC-A079-AE9D1BD334BD}.Debug|Any CPU.Build.0 = Debug|Any CPU
		{614543A2-DBBC-4BCC-A079-AE9D1BD334BD}.Release|Any CPU.ActiveCfg = Release|Any CPU
		{614543A2-DBBC-4BCC-A079-AE9D1BD334BD}.Release|Any CPU.Build.0 = Release|Any CPU
		{B793CBC7-3B0F-45FC-A466-3AD5377C0BE7}.Debug|Any CPU.ActiveCfg = Debug|Any CPU
		{B793CBC7-3B0F-45FC-A466-3AD5377C0BE7}.Debug|Any CPU.Build.0 = Debug|Any CPU
		{B793CBC7-3B0F-45FC-A466-3AD5377C0BE7}.Release|Any CPU.ActiveCfg = Release|Any CPU
		{B793CBC7-3B0F-45FC-A466-3AD5377C0BE7}.Release|Any CPU.Build.0 = Release|Any CPU
	EndGlobalSection
	GlobalSection(SolutionProperties) = preSolution
		HideSolutionNode = FALSE
	EndGlobalSection
	GlobalSection(ExtensibilityGlobals) = postSolution
		SolutionGuid = {019F8783-3D34-4726-A4A3-5AA1FD92E5DB}
	EndGlobalSection
EndGlobal
